{
  "nodes": {
    "flake-compat": {
      "locked": {
        "lastModified": 1696426674,
        "narHash": "sha256-kvjfFW7WAETZlt09AgDn1MrtKzP7t90Vf7vypd3OL1U=",
        "rev": "0f9255e01c2351cc7d116c072cb317785dd33b33",
        "revCount": 57,
        "type": "tarball",
        "url": "https://api.flakehub.com/f/pinned/edolstra/flake-compat/1.0.1/018afb31-abd1-7bff-a5e4-cff7e18efb7a/source.tar.gz"
      },
      "original": {
        "type": "tarball",
        "url": "https://flakehub.com/f/edolstra/flake-compat/1.tar.gz"
      }
    },
    "nix-index-database": {
      "inputs": {
        "nixpkgs": [
          "nixpkgs"
        ]
      },
      "locked": {
        "lastModified": 1733629314,
        "narHash": "sha256-U0vivjQFAwjNDYt49Krevs1murX9hKBFe2Ye0cHpgbU=",
        "owner": "nix-community",
        "repo": "nix-index-database",
        "rev": "f1e477a7dd11e27e7f98b646349cd66bbabf2fb8",
        "type": "github"
      },
      "original": {
        "owner": "nix-community",
        "repo": "nix-index-database",
        "type": "github"
      }
    },
    "nixos-hardware": {
      "locked": {
        "lastModified": 1733481457,
        "narHash": "sha256-IS3bxa4N1VMSh3/P6vhEAHQZecQ3oAlKCDvzCQSO5Is=",
        "owner": "NixOS",
        "repo": "nixos-hardware",
        "rev": "e563803af3526852b6b1d77107a81908c66a9fcf",
        "type": "github"
      },
      "original": {
        "owner": "NixOS",
        "ref": "master",
        "repo": "nixos-hardware",
        "type": "github"
      }
    },
    "nixpkgs": {
      "locked": {
        "lastModified": 1733412085,
        "narHash": "sha256-FillH0qdWDt/nlO6ED7h4cmN+G9uXwGjwmCnHs0QVYM=",
        "owner": "NixOS",
        "repo": "nixpkgs",
        "rev": "4dc2fc4e62dbf62b84132fe526356fbac7b03541",
        "type": "github"
      },
      "original": {
        "owner": "NixOS",
        "ref": "nixos-24.11",
        "repo": "nixpkgs",
        "type": "github"
      }
    },
    "root": {
      "inputs": {
        "flake-compat": "flake-compat",
        "nix-index-database": "nix-index-database",
        "nixos-hardware": "nixos-hardware",
        "nixpkgs": "nixpkgs"
      }
    }
  },
  "root": "root",
  "version": 7
}
